{
  "name": "commonjs",
  "version": "1.0.0",
  "lockfileVersion": 2,
  "requires": true,
  "packages": {
    "": {
      "name": "commonjs",
      "version": "1.0.0",
      "license": "ISC",
      "dependencies": {
        "date-and-time-helpers2": "^1.0.1",
        "dayjs": "^1.11.6"
      }
    },
    "node_modules/date-and-time-helpers2": {
      "version": "1.0.1",
      "resolved": "https://registry.npmjs.org/date-and-time-helpers2/-/date-and-time-helpers2-1.0.1.tgz",
      "integrity": "sha512-1OiE+STI8JKEnF48F8O7IHYXiBEp4S8c69SR8gQAQMAqXsEqe/RxYcjPKJPIrAJjkJUzIPxXryQtzYONvHOCQw=="
    },
    "node_modules/dayjs": {
      "version": "1.11.6",
      "resolved": "https://registry.npmjs.org/dayjs/-/dayjs-1.11.6.tgz",
      "integrity": "sha512-zZbY5giJAinCG+7AGaw0wIhNZ6J8AhWuSXKvuc1KAyMiRsvGQWqh4L+MomvhdAYjN+lqvVCMq1I41e3YHvXkyQ=="
    }
  },
  "dependencies": {
    "date-and-time-helpers2": {
      "version": "1.0.1",
      "resolved": "https://registry.npmjs.org/date-and-time-helpers2/-/date-and-time-helpers2-1.0.1.tgz",
      "integrity": "sha512-1OiE+STI8JKEnF48F8O7IHYXiBEp4S8c69SR8gQAQMAqXsEqe/RxYcjPKJPIrAJjkJUzIPxXryQtzYONvHOCQw=="
    },
    "dayjs": {
      "version": "1.11.6",
      "resolved": "https://registry.npmjs.org/dayjs/-/dayjs-1.11.6.tgz",
      "integrity": "sha512-zZbY5giJAinCG+7AGaw0wIhNZ6J8AhWuSXKvuc1KAyMiRsvGQWqh4L+MomvhdAYjN+lqvVCMq1I41e3YHvXkyQ=="
    }
  }
}
